// !$*UTF8*$!
{
	archiveVersion = 1;
	classes = {
	};
	objectVersion = 50;
	objects = {

/* Begin PBXBuildFile section */
		E36BB04523FD379C00859DAD /* RingPieChart.h in Headers */ = {isa = PBXBuildFile; fileRef = E36BB04323FD379C00859DAD /* RingPieChart.h */; settings = {ATTRIBUTES = (Public, ); }; };
		E36BB04C23FD37AB00859DAD /* Circular.swift in Sources */ = {isa = PBXBuildFile; fileRef = E36BB04B23FD37AB00859DAD /* Circular.swift */; };
		E36BB05423FD37E500859DAD /* AppDelegate.swift in Sources */ = {isa = PBXBuildFile; fileRef = E36BB05323FD37E500859DAD /* AppDelegate.swift */; };
		E36BB05623FD37E500859DAD /* SceneDelegate.swift in Sources */ = {isa = PBXBuildFile; fileRef = E36BB05523FD37E500859DAD /* SceneDelegate.swift */; };
		E36BB05823FD37E500859DAD /* ViewController.swift in Sources */ = {isa = PBXBuildFile; fileRef = E36BB05723FD37E500859DAD /* ViewController.swift */; };
		E36BB05B23FD37E500859DAD /* Main.storyboard in Resources */ = {isa = PBXBuildFile; fileRef = E36BB05923FD37E500859DAD /* Main.storyboard */; };
		E36BB05D23FD37E600859DAD /* Assets.xcassets in Resources */ = {isa = PBXBuildFile; fileRef = E36BB05C23FD37E600859DAD /* Assets.xcassets */; };
		E36BB06023FD37E600859DAD /* LaunchScreen.storyboard in Resources */ = {isa = PBXBuildFile; fileRef = E36BB05E23FD37E600859DAD /* LaunchScreen.storyboard */; };
		E36BB07023FD63D700859DAD /* RingPieChartTests.swift in Sources */ = {isa = PBXBuildFile; fileRef = E36BB06F23FD63D700859DAD /* RingPieChartTests.swift */; };
		E36BB07223FD63D700859DAD /* RingPieChart.framework in Frameworks */ = {isa = PBXBuildFile; fileRef = E36BB04023FD379C00859DAD /* RingPieChart.framework */; };
		E36BB07823FD63E300859DAD /* RingPieChartTest.swift in Sources */ = {isa = PBXBuildFile; fileRef = E36BB06723FD636C00859DAD /* RingPieChartTest.swift */; };
		E36BB07B23FD6B4700859DAD /* RingPieChart.framework in Frameworks */ = {isa = PBXBuildFile; fileRef = E36BB04023FD379C00859DAD /* RingPieChart.framework */; };
		E36BB07C23FD6B4700859DAD /* RingPieChart.framework in Embed Frameworks */ = {isa = PBXBuildFile; fileRef = E36BB04023FD379C00859DAD /* RingPieChart.framework */; settings = {ATTRIBUTES = (CodeSignOnCopy, RemoveHeadersOnCopy, ); }; };
/* End PBXBuildFile section */

/* Begin PBXContainerItemProxy section */
		E36BB07323FD63D700859DAD /* PBXContainerItemProxy */ = {
			isa = PBXContainerItemProxy;
			containerPortal = E36BB03723FD379C00859DAD /* Project object */;
			proxyType = 1;
			remoteGlobalIDString = E36BB03F23FD379C00859DAD;
			remoteInfo = RingPieChart;
		};
		E36BB07E23FD6E8500859DAD /* PBXContainerItemProxy */ = {
			isa = PBXContainerItemProxy;
			containerPortal = E36BB03723FD379C00859DAD /* Project object */;
			proxyType = 1;
			remoteGlobalIDString = E36BB05023FD37E500859DAD;
			remoteInfo = DemoApp;
		};
/* End PBXContainerItemProxy section */

/* Begin PBXCopyFilesBuildPhase section */
		E36BB07D23FD6B4700859DAD /* Embed Frameworks */ = {
			isa = PBXCopyFilesBuildPhase;
			buildActionMask = 2147483647;
			dstPath = "";
			dstSubfolderSpec = 10;
			files = (
				E36BB07C23FD6B4700859DAD /* RingPieChart.framework in Embed Frameworks */,
			);
			name = "Embed Frameworks";
			runOnlyForDeploymentPostprocessing = 0;
		};
/* End PBXCopyFilesBuildPhase section */

/* Begin PBXFileReference section */
		E36BB04023FD379C00859DAD /* RingPieChart.framework */ = {isa = PBXFileReference; explicitFileType = wrapper.framework; includeInIndex = 0; path = RingPieChart.framework; sourceTree = BUILT_PRODUCTS_DIR; };
		E36BB04323FD379C00859DAD /* RingPieChart.h */ = {isa = PBXFileReference; lastKnownFileType = sourcecode.c.h; path = RingPieChart.h; sourceTree = "<group>"; };
		E36BB04423FD379C00859DAD /* Info.plist */ = {isa = PBXFileReference; lastKnownFileType = text.plist.xml; path = Info.plist; sourceTree = "<group>"; };
		E36BB04B23FD37AB00859DAD /* Circular.swift */ = {isa = PBXFileReference; fileEncoding = 4; lastKnownFileType = sourcecode.swift; path = Circular.swift; sourceTree = "<group>"; };
		E36BB05123FD37E500859DAD /* DemoApp.app */ = {isa = PBXFileReference; explicitFileType = wrapper.application; includeInIndex = 0; path = DemoApp.app; sourceTree = BUILT_PRODUCTS_DIR; };
		E36BB05323FD37E500859DAD /* AppDelegate.swift */ = {isa = PBXFileReference; lastKnownFileType = sourcecode.swift; path = AppDelegate.swift; sourceTree = "<group>"; };
		E36BB05523FD37E500859DAD /* SceneDelegate.swift */ = {isa = PBXFileReference; lastKnownFileType = sourcecode.swift; path = SceneDelegate.swift; sourceTree = "<group>"; };
		E36BB05723FD37E500859DAD /* ViewController.swift */ = {isa = PBXFileReference; lastKnownFileType = sourcecode.swift; path = ViewController.swift; sourceTree = "<group>"; };
		E36BB05A23FD37E500859DAD /* Base */ = {isa = PBXFileReference; lastKnownFileType = file.storyboard; name = Base; path = Base.lproj/Main.storyboard; sourceTree = "<group>"; };
		E36BB05C23FD37E600859DAD /* Assets.xcassets */ = {isa = PBXFileReference; lastKnownFileType = folder.assetcatalog; path = Assets.xcassets; sourceTree = "<group>"; };
		E36BB05F23FD37E600859DAD /* Base */ = {isa = PBXFileReference; lastKnownFileType = file.storyboard; name = Base; path = Base.lproj/LaunchScreen.storyboard; sourceTree = "<group>"; };
		E36BB06123FD37E600859DAD /* Info.plist */ = {isa = PBXFileReference; lastKnownFileType = text.plist.xml; path = Info.plist; sourceTree = "<group>"; };
		E36BB06723FD636C00859DAD /* RingPieChartTest.swift */ = {isa = PBXFileReference; lastKnownFileType = sourcecode.swift; path = RingPieChartTest.swift; sourceTree = "<group>"; };
		E36BB06D23FD63D700859DAD /* RingPieChartTests.xctest */ = {isa = PBXFileReference; explicitFileType = wrapper.cfbundle; includeInIndex = 0; path = RingPieChartTests.xctest; sourceTree = BUILT_PRODUCTS_DIR; };
		E36BB06F23FD63D700859DAD /* RingPieChartTests.swift */ = {isa = PBXFileReference; lastKnownFileType = sourcecode.swift; path = RingPieChartTests.swift; sourceTree = "<group>"; };
		E36BB07123FD63D700859DAD /* Info.plist */ = {isa = PBXFileReference; lastKnownFileType = text.plist.xml; path = Info.plist; sourceTree = "<group>"; };
/* End PBXFileReference section */

/* Begin PBXFrameworksBuildPhase section */
		E36BB03D23FD379C00859DAD /* Frameworks */ = {
			isa = PBXFrameworksBuildPhase;
			buildActionMask = 2147483647;
			files = (
			);
			runOnlyForDeploymentPostprocessing = 0;
		};
		E36BB04E23FD37E500859DAD /* Frameworks */ = {
			isa = PBXFrameworksBuildPhase;
			buildActionMask = 2147483647;
			files = (
				E36BB07B23FD6B4700859DAD /* RingPieChart.framework in Frameworks */,
			);
			runOnlyForDeploymentPostprocessing = 0;
		};
		E36BB06A23FD63D700859DAD /* Frameworks */ = {
			isa = PBXFrameworksBuildPhase;
			buildActionMask = 2147483647;
			files = (
				E36BB07223FD63D700859DAD /* RingPieChart.framework in Frameworks */,
			);
			runOnlyForDeploymentPostprocessing = 0;
		};
/* End PBXFrameworksBuildPhase section */

/* Begin PBXGroup section */
		E36BB03623FD379C00859DAD = {
			isa = PBXGroup;
			children = (
				E36BB04223FD379C00859DAD /* RingPieChart */,
				E36BB05223FD37E500859DAD /* DemoApp */,
				E36BB06E23FD63D700859DAD /* RingPieChartTests */,
				E36BB04123FD379C00859DAD /* Products */,
				E36BB07923FD6B3200859DAD /* Frameworks */,
			);
			sourceTree = "<group>";
		};
		E36BB04123FD379C00859DAD /* Products */ = {
			isa = PBXGroup;
			children = (
				E36BB04023FD379C00859DAD /* RingPieChart.framework */,
				E36BB05123FD37E500859DAD /* DemoApp.app */,
				E36BB06D23FD63D700859DAD /* RingPieChartTests.xctest */,
			);
			name = Products;
			sourceTree = "<group>";
		};
		E36BB04223FD379C00859DAD /* RingPieChart */ = {
			isa = PBXGroup;
			children = (
				E36BB04323FD379C00859DAD /* RingPieChart.h */,
				E36BB04B23FD37AB00859DAD /* Circular.swift */,
				E36BB06723FD636C00859DAD /* RingPieChartTest.swift */,
				E36BB04423FD379C00859DAD /* Info.plist */,
			);
			path = RingPieChart;
			sourceTree = "<group>";
		};
		E36BB05223FD37E500859DAD /* DemoApp */ = {
			isa = PBXGroup;
			children = (
				E36BB05323FD37E500859DAD /* AppDelegate.swift */,
				E36BB05523FD37E500859DAD /* SceneDelegate.swift */,
				E36BB05723FD37E500859DAD /* ViewController.swift */,
				E36BB05923FD37E500859DAD /* Main.storyboard */,
				E36BB05C23FD37E600859DAD /* Assets.xcassets */,
				E36BB05E23FD37E600859DAD /* LaunchScreen.storyboard */,
				E36BB06123FD37E600859DAD /* Info.plist */,
			);
			path = DemoApp;
			sourceTree = "<group>";
		};
		E36BB06E23FD63D700859DAD /* RingPieChartTests */ = {
			isa = PBXGroup;
			children = (
				E36BB06F23FD63D700859DAD /* RingPieChartTests.swift */,
				E36BB07123FD63D700859DAD /* Info.plist */,
			);
			path = RingPieChartTests;
			sourceTree = "<group>";
		};
		E36BB07923FD6B3200859DAD /* Frameworks */ = {
			isa = PBXGroup;
			children = (
			);
			name = Frameworks;
			sourceTree = "<group>";
		};
/* End PBXGroup section */

/* Begin PBXHeadersBuildPhase section */
		E36BB03B23FD379C00859DAD /* Headers */ = {
			isa = PBXHeadersBuildPhase;
			buildActionMask = 2147483647;
			files = (
				E36BB04523FD379C00859DAD /* RingPieChart.h in Headers */,
			);
			runOnlyForDeploymentPostprocessing = 0;
		};
/* End PBXHeadersBuildPhase section */

/* Begin PBXNativeTarget section */
		E36BB03F23FD379C00859DAD /* RingPieChart */ = {
			isa = PBXNativeTarget;
			buildConfigurationList = E36BB04823FD379C00859DAD /* Build configuration list for PBXNativeTarget "RingPieChart" */;
			buildPhases = (
				E36BB03B23FD379C00859DAD /* Headers */,
				E36BB03C23FD379C00859DAD /* Sources */,
				E36BB03D23FD379C00859DAD /* Frameworks */,
				E36BB03E23FD379C00859DAD /* Resources */,
			);
			buildRules = (
			);
			dependencies = (
			);
			name = RingPieChart;
			productName = RingPieChart;
			productReference = E36BB04023FD379C00859DAD /* RingPieChart.framework */;
			productType = "com.apple.product-type.framework";
		};
		E36BB05023FD37E500859DAD /* DemoApp */ = {
			isa = PBXNativeTarget;
			buildConfigurationList = E36BB06223FD37E600859DAD /* Build configuration list for PBXNativeTarget "DemoApp" */;
			buildPhases = (
				E36BB04D23FD37E500859DAD /* Sources */,
				E36BB04E23FD37E500859DAD /* Frameworks */,
				E36BB04F23FD37E500859DAD /* Resources */,
				E36BB07D23FD6B4700859DAD /* Embed Frameworks */,
			);
			buildRules = (
			);
			dependencies = (
			);
			name = DemoApp;
			productName = DemoApp;
			productReference = E36BB05123FD37E500859DAD /* DemoApp.app */;
			productType = "com.apple.product-type.application";
		};
		E36BB06C23FD63D700859DAD /* RingPieChartTests */ = {
			isa = PBXNativeTarget;
			buildConfigurationList = E36BB07523FD63D700859DAD /* Build configuration list for PBXNativeTarget "RingPieChartTests" */;
			buildPhases = (
				E36BB06923FD63D700859DAD /* Sources */,
				E36BB06A23FD63D700859DAD /* Frameworks */,
				E36BB06B23FD63D700859DAD /* Resources */,
			);
			buildRules = (
			);
			dependencies = (
				E36BB07423FD63D700859DAD /* PBXTargetDependency */,
				E36BB07F23FD6E8500859DAD /* PBXTargetDependency */,
			);
			name = RingPieChartTests;
			productName = RingPieChartTests;
			productReference = E36BB06D23FD63D700859DAD /* RingPieChartTests.xctest */;
			productType = "com.apple.product-type.bundle.unit-test";
		};
/* End PBXNativeTarget section */

/* Begin PBXProject section */
		E36BB03723FD379C00859DAD /* Project object */ = {
			isa = PBXProject;
			attributes = {
				LastSwiftUpdateCheck = 1130;
				LastUpgradeCheck = 1130;
				ORGANIZATIONNAME = "Jawad Ali";
				TargetAttributes = {
					E36BB03F23FD379C00859DAD = {
						CreatedOnToolsVersion = 11.3;
						LastSwiftMigration = 1130;
					};
					E36BB05023FD37E500859DAD = {
						CreatedOnToolsVersion = 11.3;
					};
					E36BB06C23FD63D700859DAD = {
						CreatedOnToolsVersion = 11.3;
						TestTargetID = E36BB05023FD37E500859DAD;
					};
				};
			};
			buildConfigurationList = E36BB03A23FD379C00859DAD /* Build configuration list for PBXProject "RingPieChart" */;
			compatibilityVersion = "Xcode 9.3";
			developmentRegion = en;
			hasScannedForEncodings = 0;
			knownRegions = (
				en,
				Base,
			);
			mainGroup = E36BB03623FD379C00859DAD;
			productRefGroup = E36BB04123FD379C00859DAD /* Products */;
			projectDirPath = "";
			projectRoot = "";
			targets = (
				E36BB03F23FD379C00859DAD /* RingPieChart */,
				E36BB05023FD37E500859DAD /* DemoApp */,
				E36BB06C23FD63D700859DAD /* RingPieChartTests */,
			);
		};
/* End PBXProject section */

/* Begin PBXResourcesBuildPhase section */
		E36BB03E23FD379C00859DAD /* Resources */ = {
			isa = PBXResourcesBuildPhase;
			buildActionMask = 2147483647;
			files = (
			);
			runOnlyForDeploymentPostprocessing = 0;
		};
		E36BB04F23FD37E500859DAD /* Resources */ = {
			isa = PBXResourcesBuildPhase;
			buildActionMask = 2147483647;
			files = (
				E36BB06023FD37E600859DAD /* LaunchScreen.storyboard in Resources */,
				E36BB05D23FD37E600859DAD /* Assets.xcassets in Resources */,
				E36BB05B23FD37E500859DAD /* Main.storyboard in Resources */,
			);
			runOnlyForDeploymentPostprocessing = 0;
		};
		E36BB06B23FD63D700859DAD /* Resources */ = {
			isa = PBXResourcesBuildPhase;
			buildActionMask = 2147483647;
			files = (
			);
			runOnlyForDeploymentPostprocessing = 0;
		};
/* End PBXResourcesBuildPhase section */

/* Begin PBXSourcesBuildPhase section */
		E36BB03C23FD379C00859DAD /* Sources */ = {
			isa = PBXSourcesBuildPhase;
			buildActionMask = 2147483647;
			files = (
				E36BB04C23FD37AB00859DAD /* Circular.swift in Sources */,
			);
			runOnlyForDeploymentPostprocessing = 0;
		};
		E36BB04D23FD37E500859DAD /* Sources */ = {
			isa = PBXSourcesBuildPhase;
			buildActionMask = 2147483647;
			files = (
				E36BB05823FD37E500859DAD /* ViewController.swift in Sources */,
				E36BB05423FD37E500859DAD /* AppDelegate.swift in Sources */,
				E36BB05623FD37E500859DAD /* SceneDelegate.swift in Sources */,
			);
			runOnlyForDeploymentPostprocessing = 0;
		};
		E36BB06923FD63D700859DAD /* Sources */ = {
			isa = PBXSourcesBuildPhase;
			buildActionMask = 2147483647;
			files = (
				E36BB07023FD63D700859DAD /* RingPieChartTests.swift in Sources */,
				E36BB07823FD63E300859DAD /* RingPieChartTest.swift in Sources */,
			);
			runOnlyForDeploymentPostprocessing = 0;
		};
/* End PBXSourcesBuildPhase section */

/* Begin PBXTargetDependency section */
		E36BB07423FD63D700859DAD /* PBXTargetDependency */ = {
			isa = PBXTargetDependency;
			target = E36BB03F23FD379C00859DAD /* RingPieChart */;
			targetProxy = E36BB07323FD63D700859DAD /* PBXContainerItemProxy */;
		};
		E36BB07F23FD6E8500859DAD /* PBXTargetDependency */ = {
			isa = PBXTargetDependency;
			target = E36BB05023FD37E500859DAD /* DemoApp */;
			targetProxy = E36BB07E23FD6E8500859DAD /* PBXContainerItemProxy */;
		};
/* End PBXTargetDependency section */

/* Begin PBXVariantGroup section */
		E36BB05923FD37E500859DAD /* Main.storyboard */ = {
			isa = PBXVariantGroup;
			children = (
				E36BB05A23FD37E500859DAD /* Base */,
			);
			name = Main.storyboard;
			sourceTree = "<group>";
		};
		E36BB05E23FD37E600859DAD /* LaunchScreen.storyboard */ = {
			isa = PBXVariantGroup;
			children = (
				E36BB05F23FD37E600859DAD /* Base */,
			);
			name = LaunchScreen.storyboard;
			sourceTree = "<group>";
		};
/* End PBXVariantGroup section */

/* Begin XCBuildConfiguration section */
		E36BB04623FD379C00859DAD /* Debug */ = {
			isa = XCBuildConfiguration;
			buildSettings = {
				ALWAYS_SEARCH_USER_PATHS = NO;
				CLANG_ANALYZER_NONNULL = YES;
				CLANG_ANALYZER_NUMBER_OBJECT_CONVERSION = YES_AGGRESSIVE;
				CLANG_CXX_LANGUAGE_STANDARD = "gnu++14";
				CLANG_CXX_LIBRARY = "libc++";
				CLANG_ENABLE_MODULES = YES;
				CLANG_ENABLE_OBJC_ARC = YES;
				CLANG_ENABLE_OBJC_WEAK = YES;
				CLANG_WARN_BLOCK_CAPTURE_AUTORELEASING = YES;
				CLANG_WARN_BOOL_CONVERSION = YES;
				CLANG_WARN_COMMA = YES;
				CLANG_WARN_CONSTANT_CONVERSION = YES;
				CLANG_WARN_DEPRECATED_OBJC_IMPLEMENTATIONS = YES;
				CLANG_WARN_DIRECT_OBJC_ISA_USAGE = YES_ERROR;
				CLANG_WARN_DOCUMENTATION_COMMENTS = YES;
				CLANG_WARN_EMPTY_BODY = YES;
				CLANG_WARN_ENUM_CONVERSION = YES;
				CLANG_WARN_INFINITE_RECURSION = YES;
				CLANG_WARN_INT_CONVERSION = YES;
				CLANG_WARN_NON_LITERAL_NULL_CONVERSION = YES;
				CLANG_WARN_OBJC_IMPLICIT_RETAIN_SELF = YES;
				CLANG_WARN_OBJC_LITERAL_CONVERSION = YES;
				CLANG_WARN_OBJC_ROOT_CLASS = YES_ERROR;
				CLANG_WARN_RANGE_LOOP_ANALYSIS = YES;
				CLANG_WARN_STRICT_PROTOTYPES = YES;
				CLANG_WARN_SUSPICIOUS_MOVE = YES;
				CLANG_WARN_UNGUARDED_AVAILABILITY = YES_AGGRESSIVE;
				CLANG_WARN_UNREACHABLE_CODE = YES;
				CLANG_WARN__DUPLICATE_METHOD_MATCH = YES;
				CODE_SIGN_IDENTITY = "Apple Development";
				COPY_PHASE_STRIP = NO;
				CURRENT_PROJECT_VERSION = 1;
				DEBUG_INFORMATION_FORMAT = dwarf;
				ENABLE_STRICT_OBJC_MSGSEND = YES;
				ENABLE_TESTABILITY = YES;
				GCC_C_LANGUAGE_STANDARD = gnu11;
				GCC_DYNAMIC_NO_PIC = NO;
				GCC_NO_COMMON_BLOCKS = YES;
				GCC_OPTIMIZATION_LEVEL = 0;
				GCC_PREPROCESSOR_DEFINITIONS = (
					"DEBUG=1",
					"$(inherited)",
				);
				GCC_WARN_64_TO_32_BIT_CONVERSION = YES;
				GCC_WARN_ABOUT_RETURN_TYPE = YES_ERROR;
				GCC_WARN_UNDECLARED_SELECTOR = YES;
				GCC_WARN_UNINITIALIZED_AUTOS = YES_AGGRESSIVE;
				GCC_WARN_UNUSED_FUNCTION = YES;
				GCC_WARN_UNUSED_VARIABLE = YES;
				IPHONEOS_DEPLOYMENT_TARGET = 9.0;
				MTL_ENABLE_DEBUG_INFO = INCLUDE_SOURCE;
				MTL_FAST_MATH = YES;
				ONLY_ACTIVE_ARCH = YES;
				SDKROOT = iphoneos;
				SWIFT_ACTIVE_COMPILATION_CONDITIONS = DEBUG;
				SWIFT_OPTIMIZATION_LEVEL = "-Onone";
				VERSIONING_SYSTEM = "apple-generic";
				VERSION_INFO_PREFIX = "";
			};
			name = Debug;
		};
		E36BB04723FD379C00859DAD /* Release */ = {
			isa = XCBuildConfiguration;
			buildSettings = {
				ALWAYS_SEARCH_USER_PATHS = NO;
				CLANG_ANALYZER_NONNULL = YES;
				CLANG_ANALYZER_NUMBER_OBJECT_CONVERSION = YES_AGGRESSIVE;
				CLANG_CXX_LANGUAGE_STANDARD = "gnu++14";
				CLANG_CXX_LIBRARY = "libc++";
				CLANG_ENABLE_MODULES = YES;
				CLANG_ENABLE_OBJC_ARC = YES;
				CLANG_ENABLE_OBJC_WEAK = YES;
				CLANG_WARN_BLOCK_CAPTURE_AUTORELEASING = YES;
				CLANG_WARN_BOOL_CONVERSION = YES;
				CLANG_WARN_COMMA = YES;
				CLANG_WARN_CONSTANT_CONVERSION = YES;
				CLANG_WARN_DEPRECATED_OBJC_IMPLEMENTATIONS = YES;
				CLANG_WARN_DIRECT_OBJC_ISA_USAGE = YES_ERROR;
				CLANG_WARN_DOCUMENTATION_COMMENTS = YES;
				CLANG_WARN_EMPTY_BODY = YES;
				CLANG_WARN_ENUM_CONVERSION = YES;
				CLANG_WARN_INFINITE_RECURSION = YES;
				CLANG_WARN_INT_CONVERSION = YES;
				CLANG_WARN_NON_LITERAL_NULL_CONVERSION = YES;
				CLANG_WARN_OBJC_IMPLICIT_RETAIN_SELF = YES;
				CLANG_WARN_OBJC_LITERAL_CONVERSION = YES;
				CLANG_WARN_OBJC_ROOT_CLASS = YES_ERROR;
				CLANG_WARN_RANGE_LOOP_ANALYSIS = YES;
				CLANG_WARN_STRICT_PROTOTYPES = YES;
				CLANG_WARN_SUSPICIOUS_MOVE = YES;
				CLANG_WARN_UNGUARDED_AVAILABILITY = YES_AGGRESSIVE;
				CLANG_WARN_UNREACHABLE_CODE = YES;
				CLANG_WARN__DUPLICATE_METHOD_MATCH = YES;
				CODE_SIGN_IDENTITY = "Apple Development";
				COPY_PHASE_STRIP = NO;
				CURRENT_PROJECT_VERSION = 1;
				DEBUG_INFORMATION_FORMAT = "dwarf-with-dsym";
				ENABLE_NS_ASSERTIONS = NO;
				ENABLE_STRICT_OBJC_MSGSEND = YES;
				GCC_C_LANGUAGE_STANDARD = gnu11;
				GCC_NO_COMMON_BLOCKS = YES;
				GCC_WARN_64_TO_32_BIT_CONVERSION = YES;
				GCC_WARN_ABOUT_RETURN_TYPE = YES_ERROR;
				GCC_WARN_UNDECLARED_SELECTOR = YES;
				GCC_WARN_UNINITIALIZED_AUTOS = YES_AGGRESSIVE;
				GCC_WARN_UNUSED_FUNCTION = YES;
				GCC_WARN_UNUSED_VARIABLE = YES;
				IPHONEOS_DEPLOYMENT_TARGET = 9.0;
				MTL_ENABLE_DEBUG_INFO = NO;
				MTL_FAST_MATH = YES;
				SDKROOT = iphoneos;
				SWIFT_COMPILATION_MODE = wholemodule;
				SWIFT_OPTIMIZATION_LEVEL = "-O";
				VALIDATE_PRODUCT = YES;
				VERSIONING_SYSTEM = "apple-generic";
				VERSION_INFO_PREFIX = "";
			};
			name = Release;
		};
		E36BB04923FD379C00859DAD /* Debug */ = {
			isa = XCBuildConfiguration;
			buildSettings = {
				CLANG_ENABLE_MODULES = YES;
				CODE_SIGN_IDENTITY = "Apple Development";
				CODE_SIGN_STYLE = Automatic;
				DEFINES_MODULE = YES;
				DEVELOPMENT_TEAM = M5DBAJ72E6;
				DYLIB_COMPATIBILITY_VERSION = 1;
				DYLIB_CURRENT_VERSION = 1;
				DYLIB_INSTALL_NAME_BASE = "@rpath";
				INFOPLIST_FILE = RingPieChart/Info.plist;
				INSTALL_PATH = "$(LOCAL_LIBRARY_DIR)/Frameworks";
				LD_RUNPATH_SEARCH_PATHS = (
					"$(inherited)",
					"@executable_path/Frameworks",
					"@loader_path/Frameworks",
				);
				MARKETING_VERSION = 1.0.0;
				PRODUCT_BUNDLE_IDENTIFIER = XeroT.RingPieChart;
				PRODUCT_NAME = "$(TARGET_NAME:c99extidentifier)";
				PROVISIONING_PROFILE_SPECIFIER = "";
				SKIP_INSTALL = YES;
				SUPPORTS_MACCATALYST = NO;
				SWIFT_OPTIMIZATION_LEVEL = "-Onone";
				SWIFT_VERSION = 5.0;
				TARGETED_DEVICE_FAMILY = "1,2";
			};
			name = Debug;
		};
		E36BB04A23FD379C00859DAD /* Release */ = {
			isa = XCBuildConfiguration;
			buildSettings = {
				CLANG_ENABLE_MODULES = YES;
				CODE_SIGN_IDENTITY = "Apple Development";
				CODE_SIGN_STYLE = Automatic;
				DEFINES_MODULE = YES;
				DEVELOPMENT_TEAM = M5DBAJ72E6;
				DYLIB_COMPATIBILITY_VERSION = 1;
				DYLIB_CURRENT_VERSION = 1;
				DYLIB_INSTALL_NAME_BASE = "@rpath";
				INFOPLIST_FILE = RingPieChart/Info.plist;
				INSTALL_PATH = "$(LOCAL_LIBRARY_DIR)/Frameworks";
				LD_RUNPATH_SEARCH_PATHS = (
					"$(inherited)",
					"@executable_path/Frameworks",
					"@loader_path/Frameworks",
				);
				MARKETING_VERSION = 1.0.0;
				PRODUCT_BUNDLE_IDENTIFIER = XeroT.RingPieChart;
				PRODUCT_NAME = "$(TARGET_NAME:c99extidentifier)";
				PROVISIONING_PROFILE_SPECIFIER = "";
				SKIP_INSTALL = YES;
				SUPPORTS_MACCATALYST = NO;
				SWIFT_VERSION = 5.0;
				TARGETED_DEVICE_FAMILY = "1,2";
			};
			name = Release;
		};
		E36BB06323FD37E600859DAD /* Debug */ = {
			isa = XCBuildConfiguration;
			buildSettings = {
				ASSETCATALOG_COMPILER_APPICON_NAME = AppIcon;
				CODE_SIGN_IDENTITY = "Apple Development";
				CODE_SIGN_STYLE = Automatic;
				DEVELOPMENT_TEAM = M5DBAJ72E6;
				INFOPLIST_FILE = DemoApp/Info.plist;
				LD_RUNPATH_SEARCH_PATHS = (
					"$(inherited)",
					"@executable_path/Frameworks",
				);
				MARKETING_VERSION = 1.0.0;
				PRODUCT_BUNDLE_IDENTIFIER = XeroT.DemoApp;
				PRODUCT_NAME = "$(TARGET_NAME)";
				PROVISIONING_PROFILE_SPECIFIER = "";
				SWIFT_VERSION = 5.0;
				TARGETED_DEVICE_FAMILY = "1,2";
			};
			name = Debug;
		};
		E36BB06423FD37E600859DAD /* Release */ = {
			isa = XCBuildConfiguration;
			buildSettings = {
				ASSETCATALOG_COMPILER_APPICON_NAME = AppIcon;
				CODE_SIGN_IDENTITY = "Apple Development";
				CODE_SIGN_STYLE = Automatic;
				DEVELOPMENT_TEAM = M5DBAJ72E6;
				INFOPLIST_FILE = DemoApp/Info.plist;
				LD_RUNPATH_SEARCH_PATHS = (
					"$(inherited)",
					"@executable_path/Frameworks",
				);
				MARKETING_VERSION = 1.0.0;
				PRODUCT_BUNDLE_IDENTIFIER = XeroT.DemoApp;
				PRODUCT_NAME = "$(TARGET_NAME)";
				PROVISIONING_PROFILE_SPECIFIER = "";
				SWIFT_VERSION = 5.0;
				TARGETED_DEVICE_FAMILY = "1,2";
			};
			name = Release;
		};
		E36BB07623FD63D700859DAD /* Debug */ = {
			isa = XCBuildConfiguration;
			buildSettings = {
				BUNDLE_LOADER = "$(TEST_HOST)";
				CODE_SIGN_IDENTITY = "Apple Development";
				"CODE_SIGN_IDENTITY[sdk=macosx*]" = "-";
				CODE_SIGN_STYLE = Automatic;
				DEVELOPMENT_TEAM = M5DBAJ72E6;
				INFOPLIST_FILE = RingPieChartTests/Info.plist;
				LD_RUNPATH_SEARCH_PATHS = (
					"$(inherited)",
					"@executable_path/Frameworks",
					"@loader_path/Frameworks",
				);
				PRODUCT_BUNDLE_IDENTIFIER = XeroT.RingPieChartTests;
				PRODUCT_NAME = "$(TARGET_NAME)";
				PROVISIONING_PROFILE_SPECIFIER = "";
				SUPPORTS_MACCATALYST = NO;
				SWIFT_VERSION = 5.0;
				TARGETED_DEVICE_FAMILY = "1,2";
				TEST_HOST = "$(BUILT_PRODUCTS_DIR)/DemoApp.app/DemoApp";
			};
			name = Debug;
		};
		E36BB07723FD63D700859DAD /* Release */ = {
			isa = XCBuildConfiguration;
			buildSettings = {
				BUNDLE_LOADER = "$(TEST_HOST)";
				CODE_SIGN_IDENTITY = "Apple Development";
				"CODE_SIGN_IDENTITY[sdk=macosx*]" = "-";
				CODE_SIGN_STYLE = Automatic;
				DEVELOPMENT_TEAM = M5DBAJ72E6;
				INFOPLIST_FILE = RingPieChartTests/Info.plist;
				LD_RUNPATH_SEARCH_PATHS = (
					"$(inherited)",
					"@executable_path/Frameworks",
					"@loader_path/Frameworks",
				);
				PRODUCT_BUNDLE_IDENTIFIER = XeroT.RingPieChartTests;
				PRODUCT_NAME = "$(TARGET_NAME)";
				PROVISIONING_PROFILE_SPECIFIER = "";
				SUPPORTS_MACCATALYST = NO;
				SWIFT_VERSION = 5.0;
				TARGETED_DEVICE_FAMILY = "1,2";
				TEST_HOST = "$(BUILT_PRODUCTS_DIR)/DemoApp.app/DemoApp";
			};
			name = Release;
		};
/* End XCBuildConfiguration section */

/* Begin XCConfigurationList section */
		E36BB03A23FD379C00859DAD /* Build configuration list for PBXProject "RingPieChart" */ = {
			isa = XCConfigurationList;
			buildConfigurations = (
				E36BB04623FD379C00859DAD /* Debug */,
				E36BB04723FD379C00859DAD /* Release */,
			);
			defaultConfigurationIsVisible = 0;
			defaultConfigurationName = Release;
		};
		E36BB04823FD379C00859DAD /* Build configuration list for PBXNativeTarget "RingPieChart" */ = {
			isa = XCConfigurationList;
			buildConfigurations = (
				E36BB04923FD379C00859DAD /* Debug */,
				E36BB04A23FD379C00859DAD /* Release */,
			);
			defaultConfigurationIsVisible = 0;
			defaultConfigurationName = Release;
		};
		E36BB06223FD37E600859DAD /* Build configuration list for PBXNativeTarget "DemoApp" */ = {
			isa = XCConfigurationList;
			buildConfigurations = (
				E36BB06323FD37E600859DAD /* Debug */,
				E36BB06423FD37E600859DAD /* Release */,
			);
			defaultConfigurationIsVisible = 0;
			defaultConfigurationName = Release;
		};
		E36BB07523FD63D700859DAD /* Build configuration list for PBXNativeTarget "RingPieChartTests" */ = {
			isa = XCConfigurationList;
			buildConfigurations = (
				E36BB07623FD63D700859DAD /* Debug */,
				E36BB07723FD63D700859DAD /* Release */,
			);
			defaultConfigurationIsVisible = 0;
			defaultConfigurationName = Release;
		};
/* End XCConfigurationList section */
	};
	rootObject = E36BB03723FD379C00859DAD /* Project object */;
}
